Microsoft Visual Studio Solution File, Format Version 12.00
# Visual Studio Version 17
VisualStudioVersion = 17.5.2.0
MinimumVisualStudioVersion = 10.0.40219.1
Project("{FAE04EC0-301F-11D3-BF4B-00C04F79EFBC}") = "avaliacao1", "avaliacao1.csproj", "{FD6790FC-CD97-B5FF-9D71-879C2FF1E6A8}"
EndProject
Global
	GlobalSection(SolutionConfigurationPlatforms) = preSolution
		Debug|Any CPU = Debug|Any CPU
		Release|Any CPU = Release|Any CPU
	EndGlobalSection
	GlobalSection(ProjectConfigurationPlatforms) = postSolution
		{FD6790FC-CD97-B5FF-9D71-879C2FF1E6A8}.Debug|Any CPU.ActiveCfg = Debug|Any CPU
		{FD6790FC-CD97-B5FF-9D71-879C2FF1E6A8}.Debug|Any CPU.Build.0 = Debug|Any CPU
		{FD6790FC-CD97-B5FF-9D71-879C2FF1E6A8}.Release|Any CPU.ActiveCfg = Release|Any CPU
		{FD6790FC-CD97-B5FF-9D71-879C2FF1E6A8}.Release|Any CPU.Build.0 = Release|Any CPU
	EndGlobalSection
	GlobalSection(SolutionProperties) = preSolution
		HideSolutionNode = FALSE
	EndGlobalSection
	GlobalSection(ExtensibilityGlobals) = postSolution
		SolutionGuid = {45239493-E1B5-4022-A24A-C6AFD11D1D69}
	EndGlobalSection
EndGlobal
